
Microsoft Visual Studio Solution File, Format Version 12.00
# Visual Studio 14
VisualStudioVersion = 14.0.25420.1
MinimumVisualStudioVersion = 10.0.40219.1
Project("{FAE04EC0-301F-11D3-BF4B-00C04F79EFBC}") = "Prosperity", "Prosperity\Prosperity\Prosperity.csproj", "{94AFBE49-0D7B-40DB-8305-29DD340234FF}"
EndProject
Project("{FAE04EC0-301F-11D3-BF4B-00C04F79EFBC}") = "Prosperity.Droid", "Prosperity\Prosperity.Droid\Prosperity.Droid.csproj", "{A0791F3B-C61D-4157-A6EC-76633FC08C63}"
EndProject
Project("{FAE04EC0-301F-11D3-BF4B-00C04F79EFBC}") = "Prosperity.iOS", "Prosperity\Prosperity.iOS\Prosperity.iOS.csproj", "{A9B2E19F-62EE-488A-BF5E-C2930F0DB367}"
EndProject
Project("{FAE04EC0-301F-11D3-BF4B-00C04F79EFBC}") = "Prosperity.WinPhone", "Prosperity\Prosperity.WinPhone\Prosperity.WinPhone.csproj", "{22607EC5-A26D-4DE4-A6F9-24362F63CF04}"
EndProject
Project("{FAE04EC0-301F-11D3-BF4B-00C04F79EFBC}") = "Prosperity.UWP", "Prosperity\Prosperity.UWP\Prosperity.UWP.csproj", "{69F080F5-4995-48FC-A3E4-9ADFE2B61D17}"
EndProject
Project("{FAE04EC0-301F-11D3-BF4B-00C04F79EFBC}") = "Prosperity.Windows", "Prosperity\Prosperity.Windows\Prosperity.Windows.csproj", "{9FD345B5-0B0A-4303-813F-3AA3B16A046F}"
EndProject
Global
	GlobalSection(SolutionConfigurationPlatforms) = preSolution
		Ad-Hoc|Any CPU = Ad-Hoc|Any CPU
		Ad-Hoc|ARM = Ad-Hoc|ARM
		Ad-Hoc|iPhone = Ad-Hoc|iPhone
		Ad-Hoc|iPhoneSimulator = Ad-Hoc|iPhoneSimulator
		Ad-Hoc|x64 = Ad-Hoc|x64
		Ad-Hoc|x86 = Ad-Hoc|x86
		AppStore|Any CPU = AppStore|Any CPU
		AppStore|ARM = AppStore|ARM
		AppStore|iPhone = AppStore|iPhone
		AppStore|iPhoneSimulator = AppStore|iPhoneSimulator
		AppStore|x64 = AppStore|x64
		AppStore|x86 = AppStore|x86
		Debug|Any CPU = Debug|Any CPU
		Debug|ARM = Debug|ARM
		Debug|iPhone = Debug|iPhone
		Debug|iPhoneSimulator = Debug|iPhoneSimulator
		Debug|x64 = Debug|x64
		Debug|x86 = Debug|x86
		Release|Any CPU = Release|Any CPU
		Release|ARM = Release|ARM
		Release|iPhone = Release|iPhone
		Release|iPhoneSimulator = Release|iPhoneSimulator
		Release|x64 = Release|x64
		Release|x86 = Release|x86
	EndGlobalSection
	GlobalSection(ProjectConfigurationPlatforms) = postSolution
		{94AFBE49-0D7B-40DB-8305-29DD340234FF}.Ad-Hoc|Any CPU.ActiveCfg = Release|Any CPU
		{94AFBE49-0D7B-40DB-8305-29DD340234FF}.Ad-Hoc|Any CPU.Build.0 = Release|Any CPU
		{94AFBE49-0D7B-40DB-8305-29DD340234FF}.Ad-Hoc|ARM.ActiveCfg = Release|Any CPU
		{94AFBE49-0D7B-40DB-8305-29DD340234FF}.Ad-Hoc|ARM.Build.0 = Release|Any CPU
		{94AFBE49-0D7B-40DB-8305-29DD340234FF}.Ad-Hoc|iPhone.ActiveCfg = Release|Any CPU
		{94AFBE49-0D7B-40DB-8305-29DD340234FF}.Ad-Hoc|iPhone.Build.0 = Release|Any CPU
		{94AFBE49-0D7B-40DB-8305-29DD340234FF}.Ad-Hoc|iPhoneSimulator.ActiveCfg = Release|Any CPU
		{94AFBE49-0D7B-40DB-8305-29DD340234FF}.Ad-Hoc|iPhoneSimulator.Build.0 = Release|Any CPU
		{94AFBE49-0D7B-40DB-8305-29DD340234FF}.Ad-Hoc|x64.ActiveCfg = Release|Any CPU
		{94AFBE49-0D7B-40DB-8305-29DD340234FF}.Ad-Hoc|x64.Build.0 = Release|Any CPU
		{94AFBE49-0D7B-40DB-8305-29DD340234FF}.Ad-Hoc|x86.ActiveCfg = Release|Any CPU
		{94AFBE49-0D7B-40DB-8305-29DD340234FF}.Ad-Hoc|x86.Build.0 = Release|Any CPU
		{94AFBE49-0D7B-40DB-8305-29DD340234FF}.AppStore|Any CPU.ActiveCfg = Release|Any CPU
		{94AFBE49-0D7B-40DB-8305-29DD340234FF}.AppStore|Any CPU.Build.0 = Release|Any CPU
		{94AFBE49-0D7B-40DB-8305-29DD340234FF}.AppStore|ARM.ActiveCfg = Release|Any CPU
		{94AFBE49-0D7B-40DB-8305-29DD340234FF}.AppStore|ARM.Build.0 = Release|Any CPU
		{94AFBE49-0D7B-40DB-8305-29DD340234FF}.AppStore|iPhone.ActiveCfg = Release|Any CPU
		{94AFBE49-0D7B-40DB-8305-29DD340234FF}.AppStore|iPhone.Build.0 = Release|Any CPU
		{94AFBE49-0D7B-40DB-8305-29DD340234FF}.AppStore|iPhoneSimulator.ActiveCfg = Release|Any CPU
		{94AFBE49-0D7B-40DB-8305-29DD340234FF}.AppStore|iPhoneSimulator.Build.0 = Release|Any CPU
		{94AFBE49-0D7B-40DB-8305-29DD340234FF}.AppStore|x64.ActiveCfg = Release|Any CPU
		{94AFBE49-0D7B-40DB-8305-29DD340234FF}.AppStore|x64.Build.0 = Release|Any CPU
		{94AFBE49-0D7B-40DB-8305-29DD340234FF}.AppStore|x86.ActiveCfg = Release|Any CPU
		{94AFBE49-0D7B-40DB-8305-29DD340234FF}.AppStore|x86.Build.0 = Release|Any CPU
		{94AFBE49-0D7B-40DB-8305-29DD340234FF}.Debug|Any CPU.ActiveCfg = Debug|Any CPU
		{94AFBE49-0D7B-40DB-8305-29DD340234FF}.Debug|Any CPU.Build.0 = Debug|Any CPU
		{94AFBE49-0D7B-40DB-8305-29DD340234FF}.Debug|ARM.ActiveCfg = Debug|Any CPU
		{94AFBE49-0D7B-40DB-8305-29DD340234FF}.Debug|ARM.Build.0 = Debug|Any CPU
		{94AFBE49-0D7B-40DB-8305-29DD340234FF}.Debug|iPhone.ActiveCfg = Debug|Any CPU
		{94AFBE49-0D7B-40DB-8305-29DD340234FF}.Debug|iPhone.Build.0 = Debug|Any CPU
		{94AFBE49-0D7B-40DB-8305-29DD340234FF}.Debug|iPhoneSimulator.ActiveCfg = Debug|Any CPU
		{94AFBE49-0D7B-40DB-8305-29DD340234FF}.Debug|iPhoneSimulator.Build.0 = Debug|Any CPU
		{94AFBE49-0D7B-40DB-8305-29DD340234FF}.Debug|x64.ActiveCfg = Debug|Any CPU
		{94AFBE49-0D7B-40DB-8305-29DD340234FF}.Debug|x64.Build.0 = Debug|Any CPU
		{94AFBE49-0D7B-40DB-8305-29DD340234FF}.Debug|x86.ActiveCfg = Debug|Any CPU
		{94AFBE49-0D7B-40DB-8305-29DD340234FF}.Debug|x86.Build.0 = Debug|Any CPU
		{94AFBE49-0D7B-40DB-8305-29DD340234FF}.Release|Any CPU.ActiveCfg = Release|Any CPU
		{94AFBE49-0D7B-40DB-8305-29DD340234FF}.Release|Any CPU.Build.0 = Release|Any CPU
		{94AFBE49-0D7B-40DB-8305-29DD340234FF}.Release|ARM.ActiveCfg = Release|Any CPU
		{94AFBE49-0D7B-40DB-8305-29DD340234FF}.Release|ARM.Build.0 = Release|Any CPU
		{94AFBE49-0D7B-40DB-8305-29DD340234FF}.Release|iPhone.ActiveCfg = Release|Any CPU
		{94AFBE49-0D7B-40DB-8305-29DD340234FF}.Release|iPhone.Build.0 = Release|Any CPU
		{94AFBE49-0D7B-40DB-8305-29DD340234FF}.Release|iPhoneSimulator.ActiveCfg = Release|Any CPU
		{94AFBE49-0D7B-40DB-8305-29DD340234FF}.Release|iPhoneSimulator.Build.0 = Release|Any CPU
		{94AFBE49-0D7B-40DB-8305-29DD340234FF}.Release|x64.ActiveCfg = Release|Any CPU
		{94AFBE49-0D7B-40DB-8305-29DD340234FF}.Release|x64.Build.0 = Release|Any CPU
		{94AFBE49-0D7B-40DB-8305-29DD340234FF}.Release|x86.ActiveCfg = Release|Any CPU
		{94AFBE49-0D7B-40DB-8305-29DD340234FF}.Release|x86.Build.0 = Release|Any CPU
		{A0791F3B-C61D-4157-A6EC-76633FC08C63}.Ad-Hoc|Any CPU.ActiveCfg = Release|Any CPU
		{A0791F3B-C61D-4157-A6EC-76633FC08C63}.Ad-Hoc|Any CPU.Build.0 = Release|Any CPU
		{A0791F3B-C61D-4157-A6EC-76633FC08C63}.Ad-Hoc|Any CPU.Deploy.0 = Release|Any CPU
		{A0791F3B-C61D-4157-A6EC-76633FC08C63}.Ad-Hoc|ARM.ActiveCfg = Release|Any CPU
		{A0791F3B-C61D-4157-A6EC-76633FC08C63}.Ad-Hoc|ARM.Build.0 = Release|Any CPU
		{A0791F3B-C61D-4157-A6EC-76633FC08C63}.Ad-Hoc|ARM.Deploy.0 = Release|Any CPU
		{A0791F3B-C61D-4157-A6EC-76633FC08C63}.Ad-Hoc|iPhone.ActiveCfg = Release|Any CPU
		{A0791F3B-C61D-4157-A6EC-76633FC08C63}.Ad-Hoc|iPhone.Build.0 = Release|Any CPU
		{A0791F3B-C61D-4157-A6EC-76633FC08C63}.Ad-Hoc|iPhone.Deploy.0 = Release|Any CPU
		{A0791F3B-C61D-4157-A6EC-76633FC08C63}.Ad-Hoc|iPhoneSimulator.ActiveCfg = Release|Any CPU
		{A0791F3B-C61D-4157-A6EC-76633FC08C63}.Ad-Hoc|iPhoneSimulator.Build.0 = Release|Any CPU
		{A0791F3B-C61D-4157-A6EC-76633FC08C63}.Ad-Hoc|iPhoneSimulator.Deploy.0 = Release|Any CPU
		{A0791F3B-C61D-4157-A6EC-76633FC08C63}.Ad-Hoc|x64.ActiveCfg = Release|Any CPU
		{A0791F3B-C61D-4157-A6EC-76633FC08C63}.Ad-Hoc|x64.Build.0 = Release|Any CPU
		{A0791F3B-C61D-4157-A6EC-76633FC08C63}.Ad-Hoc|x64.Deploy.0 = Release|Any CPU
		{A0791F3B-C61D-4157-A6EC-76633FC08C63}.Ad-Hoc|x86.ActiveCfg = Release|Any CPU
		{A0791F3B-C61D-4157-A6EC-76633FC08C63}.Ad-Hoc|x86.Build.0 = Release|Any CPU
		{A0791F3B-C61D-4157-A6EC-76633FC08C63}.Ad-Hoc|x86.Deploy.0 = Release|Any CPU
		{A0791F3B-C61D-4157-A6EC-76633FC08C63}.AppStore|Any CPU.ActiveCfg = Release|Any CPU
		{A0791F3B-C61D-4157-A6EC-76633FC08C63}.AppStore|Any CPU.Build.0 = Release|Any CPU
		{A0791F3B-C61D-4157-A6EC-76633FC08C63}.AppStore|Any CPU.Deploy.0 = Release|Any CPU
		{A0791F3B-C61D-4157-A6EC-76633FC08C63}.AppStore|ARM.ActiveCfg = Release|Any CPU
		{A0791F3B-C61D-4157-A6EC-76633FC08C63}.AppStore|ARM.Build.0 = Release|Any CPU
		{A0791F3B-C61D-4157-A6EC-76633FC08C63}.AppStore|ARM.Deploy.0 = Release|Any CPU
		{A0791F3B-C61D-4157-A6EC-76633FC08C63}.AppStore|iPhone.ActiveCfg = Release|Any CPU
		{A0791F3B-C61D-4157-A6EC-76633FC08C63}.AppStore|iPhone.Build.0 = Release|Any CPU
		{A0791F3B-C61D-4157-A6EC-76633FC08C63}.AppStore|iPhone.Deploy.0 = Release|Any CPU
		{A0791F3B-C61D-4157-A6EC-76633FC08C63}.AppStore|iPhoneSimulator.ActiveCfg = Release|Any CPU
		{A0791F3B-C61D-4157-A6EC-76633FC08C63}.AppStore|iPhoneSimulator.Build.0 = Release|Any CPU
		{A0791F3B-C61D-4157-A6EC-76633FC08C63}.AppStore|iPhoneSimulator.Deploy.0 = Release|Any CPU
		{A0791F3B-C61D-4157-A6EC-76633FC08C63}.AppStore|x64.ActiveCfg = Release|Any CPU
		{A0791F3B-C61D-4157-A6EC-76633FC08C63}.AppStore|x64.Build.0 = Release|Any CPU
		{A0791F3B-C61D-4157-A6EC-76633FC08C63}.AppStore|x64.Deploy.0 = Release|Any CPU
		{A0791F3B-C61D-4157-A6EC-76633FC08C63}.AppStore|x86.ActiveCfg = Release|Any CPU
		{A0791F3B-C61D-4157-A6EC-76633FC08C63}.AppStore|x86.Build.0 = Release|Any CPU
		{A0791F3B-C61D-4157-A6EC-76633FC08C63}.AppStore|x86.Deploy.0 = Release|Any CPU
		{A0791F3B-C61D-4157-A6EC-76633FC08C63}.Debug|Any CPU.ActiveCfg = Debug|Any CPU
		{A0791F3B-C61D-4157-A6EC-76633FC08C63}.Debug|Any CPU.Build.0 = Debug|Any CPU
		{A0791F3B-C61D-4157-A6EC-76633FC08C63}.Debug|Any CPU.Deploy.0 = Debug|Any CPU
		{A0791F3B-C61D-4157-A6EC-76633FC08C63}.Debug|ARM.ActiveCfg = Debug|Any CPU
		{A0791F3B-C61D-4157-A6EC-76633FC08C63}.Debug|ARM.Build.0 = Debug|Any CPU
		{A0791F3B-C61D-4157-A6EC-76633FC08C63}.Debug|ARM.Deploy.0 = Debug|Any CPU
		{A0791F3B-C61D-4157-A6EC-76633FC08C63}.Debug|iPhone.ActiveCfg = Debug|Any CPU
		{A0791F3B-C61D-4157-A6EC-76633FC08C63}.Debug|iPhone.Build.0 = Debug|Any CPU
		{A0791F3B-C61D-4157-A6EC-76633FC08C63}.Debug|iPhone.Deploy.0 = Debug|Any CPU
		{A0791F3B-C61D-4157-A6EC-76633FC08C63}.Debug|iPhoneSimulator.ActiveCfg = Debug|Any CPU
		{A0791F3B-C61D-4157-A6EC-76633FC08C63}.Debug|iPhoneSimulator.Build.0 = Debug|Any CPU
		{A0791F3B-C61D-4157-A6EC-76633FC08C63}.Debug|iPhoneSimulator.Deploy.0 = Debug|Any CPU
		{A0791F3B-C61D-4157-A6EC-76633FC08C63}.Debug|x64.ActiveCfg = Debug|Any CPU
		{A0791F3B-C61D-4157-A6EC-76633FC08C63}.Debug|x64.Build.0 = Debug|Any CPU
		{A0791F3B-C61D-4157-A6EC-76633FC08C63}.Debug|x64.Deploy.0 = Debug|Any CPU
		{A0791F3B-C61D-4157-A6EC-76633FC08C63}.Debug|x86.ActiveCfg = Debug|Any CPU
		{A0791F3B-C61D-4157-A6EC-76633FC08C63}.Debug|x86.Build.0 = Debug|Any CPU
		{A0791F3B-C61D-4157-A6EC-76633FC08C63}.Debug|x86.Deploy.0 = Debug|Any CPU
		{A0791F3B-C61D-4157-A6EC-76633FC08C63}.Release|Any CPU.ActiveCfg = Release|Any CPU
		{A0791F3B-C61D-4157-A6EC-76633FC08C63}.Release|Any CPU.Build.0 = Release|Any CPU
		{A0791F3B-C61D-4157-A6EC-76633FC08C63}.Release|Any CPU.Deploy.0 = Release|Any CPU
		{A0791F3B-C61D-4157-A6EC-76633FC08C63}.Release|ARM.ActiveCfg = Release|Any CPU
		{A0791F3B-C61D-4157-A6EC-76633FC08C63}.Release|ARM.Build.0 = Release|Any CPU
		{A0791F3B-C61D-4157-A6EC-76633FC08C63}.Release|ARM.Deploy.0 = Release|Any CPU
		{A0791F3B-C61D-4157-A6EC-76633FC08C63}.Release|iPhone.ActiveCfg = Release|Any CPU
		{A0791F3B-C61D-4157-A6EC-76633FC08C63}.Release|iPhone.Build.0 = Release|Any CPU
		{A0791F3B-C61D-4157-A6EC-76633FC08C63}.Release|iPhone.Deploy.0 = Release|Any CPU
		{A0791F3B-C61D-4157-A6EC-76633FC08C63}.Release|iPhoneSimulator.ActiveCfg = Release|Any CPU
		{A0791F3B-C61D-4157-A6EC-76633FC08C63}.Release|iPhoneSimulator.Build.0 = Release|Any CPU
		{A0791F3B-C61D-4157-A6EC-76633FC08C63}.Release|iPhoneSimulator.Deploy.0 = Release|Any CPU
		{A0791F3B-C61D-4157-A6EC-76633FC08C63}.Release|x64.ActiveCfg = Release|Any CPU
		{A0791F3B-C61D-4157-A6EC-76633FC08C63}.Release|x64.Build.0 = Release|Any CPU
		{A0791F3B-C61D-4157-A6EC-76633FC08C63}.Release|x64.Deploy.0 = Release|Any CPU
		{A0791F3B-C61D-4157-A6EC-76633FC08C63}.Release|x86.ActiveCfg = Release|Any CPU
		{A0791F3B-C61D-4157-A6EC-76633FC08C63}.Release|x86.Build.0 = Release|Any CPU
		{A0791F3B-C61D-4157-A6EC-76633FC08C63}.Release|x86.Deploy.0 = Release|Any CPU
		{A9B2E19F-62EE-488A-BF5E-C2930F0DB367}.Ad-Hoc|Any CPU.ActiveCfg = Ad-Hoc|iPhone
		{A9B2E19F-62EE-488A-BF5E-C2930F0DB367}.Ad-Hoc|ARM.ActiveCfg = Ad-Hoc|iPhone
		{A9B2E19F-62EE-488A-BF5E-C2930F0DB367}.Ad-Hoc|iPhone.ActiveCfg = Ad-Hoc|iPhone
		{A9B2E19F-62EE-488A-BF5E-C2930F0DB367}.Ad-Hoc|iPhone.Build.0 = Ad-Hoc|iPhone
		{A9B2E19F-62EE-488A-BF5E-C2930F0DB367}.Ad-Hoc|iPhoneSimulator.ActiveCfg = Ad-Hoc|iPhoneSimulator
		{A9B2E19F-62EE-488A-BF5E-C2930F0DB367}.Ad-Hoc|iPhoneSimulator.Build.0 = Ad-Hoc|iPhoneSimulator
		{A9B2E19F-62EE-488A-BF5E-C2930F0DB367}.Ad-Hoc|x64.ActiveCfg = Ad-Hoc|iPhone
		{A9B2E19F-62EE-488A-BF5E-C2930F0DB367}.Ad-Hoc|x86.ActiveCfg = Ad-Hoc|iPhone
		{A9B2E19F-62EE-488A-BF5E-C2930F0DB367}.AppStore|Any CPU.ActiveCfg = AppStore|iPhone
		{A9B2E19F-62EE-488A-BF5E-C2930F0DB367}.AppStore|ARM.ActiveCfg = AppStore|iPhone
		{A9B2E19F-62EE-488A-BF5E-C2930F0DB367}.AppStore|iPhone.ActiveCfg = AppStore|iPhone
		{A9B2E19F-62EE-488A-BF5E-C2930F0DB367}.AppStore|iPhone.Build.0 = AppStore|iPhone
		{A9B2E19F-62EE-488A-BF5E-C2930F0DB367}.AppStore|iPhoneSimulator.ActiveCfg = AppStore|iPhoneSimulator
		{A9B2E19F-62EE-488A-BF5E-C2930F0DB367}.AppStore|iPhoneSimulator.Build.0 = AppStore|iPhoneSimulator
		{A9B2E19F-62EE-488A-BF5E-C2930F0DB367}.AppStore|x64.ActiveCfg = AppStore|iPhone
		{A9B2E19F-62EE-488A-BF5E-C2930F0DB367}.AppStore|x86.ActiveCfg = AppStore|iPhone
		{A9B2E19F-62EE-488A-BF5E-C2930F0DB367}.Debug|Any CPU.ActiveCfg = Debug|iPhone
		{A9B2E19F-62EE-488A-BF5E-C2930F0DB367}.Debug|Any CPU.Build.0 = Debug|iPhone
		{A9B2E19F-62EE-488A-BF5E-C2930F0DB367}.Debug|ARM.ActiveCfg = Debug|iPhone
		{A9B2E19F-62EE-488A-BF5E-C2930F0DB367}.Debug|iPhone.ActiveCfg = Debug|iPhone
		{A9B2E19F-62EE-488A-BF5E-C2930F0DB367}.Debug|iPhone.Build.0 = Debug|iPhone
		{A9B2E19F-62EE-488A-BF5E-C2930F0DB367}.Debug|iPhoneSimulator.ActiveCfg = Debug|iPhoneSimulator
		{A9B2E19F-62EE-488A-BF5E-C2930F0DB367}.Debug|iPhoneSimulator.Build.0 = Debug|iPhoneSimulator
		{A9B2E19F-62EE-488A-BF5E-C2930F0DB367}.Debug|x64.ActiveCfg = Debug|iPhone
		{A9B2E19F-62EE-488A-BF5E-C2930F0DB367}.Debug|x86.ActiveCfg = Debug|iPhone
		{A9B2E19F-62EE-488A-BF5E-C2930F0DB367}.Release|Any CPU.ActiveCfg = Release|iPhone
		{A9B2E19F-62EE-488A-BF5E-C2930F0DB367}.Release|ARM.ActiveCfg = Release|iPhone
		{A9B2E19F-62EE-488A-BF5E-C2930F0DB367}.Release|iPhone.ActiveCfg = Release|iPhone
		{A9B2E19F-62EE-488A-BF5E-C2930F0DB367}.Release|iPhone.Build.0 = Release|iPhone
		{A9B2E19F-62EE-488A-BF5E-C2930F0DB367}.Release|iPhoneSimulator.ActiveCfg = Release|iPhoneSimulator
		{A9B2E19F-62EE-488A-BF5E-C2930F0DB367}.Release|iPhoneSimulator.Build.0 = Release|iPhoneSimulator
		{A9B2E19F-62EE-488A-BF5E-C2930F0DB367}.Release|x64.ActiveCfg = Release|iPhone
		{A9B2E19F-62EE-488A-BF5E-C2930F0DB367}.Release|x86.ActiveCfg = Release|iPhone
		{22607EC5-A26D-4DE4-A6F9-24362F63CF04}.Ad-Hoc|Any CPU.ActiveCfg = Release|Any CPU
		{22607EC5-A26D-4DE4-A6F9-24362F63CF04}.Ad-Hoc|Any CPU.Build.0 = Release|Any CPU
		{22607EC5-A26D-4DE4-A6F9-24362F63CF04}.Ad-Hoc|Any CPU.Deploy.0 = Release|Any CPU
		{22607EC5-A26D-4DE4-A6F9-24362F63CF04}.Ad-Hoc|ARM.ActiveCfg = Release|ARM
		{22607EC5-A26D-4DE4-A6F9-24362F63CF04}.Ad-Hoc|ARM.Build.0 = Release|ARM
		{22607EC5-A26D-4DE4-A6F9-24362F63CF04}.Ad-Hoc|ARM.Deploy.0 = Release|ARM
		{22607EC5-A26D-4DE4-A6F9-24362F63CF04}.Ad-Hoc|iPhone.ActiveCfg = Release|Any CPU
		{22607EC5-A26D-4DE4-A6F9-24362F63CF04}.Ad-Hoc|iPhone.Build.0 = Release|Any CPU
		{22607EC5-A26D-4DE4-A6F9-24362F63CF04}.Ad-Hoc|iPhone.Deploy.0 = Release|Any CPU
		{22607EC5-A26D-4DE4-A6F9-24362F63CF04}.Ad-Hoc|iPhoneSimulator.ActiveCfg = Release|Any CPU
		{22607EC5-A26D-4DE4-A6F9-24362F63CF04}.Ad-Hoc|iPhoneSimulator.Build.0 = Release|Any CPU
		{22607EC5-A26D-4DE4-A6F9-24362F63CF04}.Ad-Hoc|iPhoneSimulator.Deploy.0 = Release|Any CPU
		{22607EC5-A26D-4DE4-A6F9-24362F63CF04}.Ad-Hoc|x64.ActiveCfg = Release|Any CPU
		{22607EC5-A26D-4DE4-A6F9-24362F63CF04}.Ad-Hoc|x64.Build.0 = Release|Any CPU
		{22607EC5-A26D-4DE4-A6F9-24362F63CF04}.Ad-Hoc|x64.Deploy.0 = Release|Any CPU
		{22607EC5-A26D-4DE4-A6F9-24362F63CF04}.Ad-Hoc|x86.ActiveCfg = Release|x86
		{22607EC5-A26D-4DE4-A6F9-24362F63CF04}.Ad-Hoc|x86.Build.0 = Release|x86
		{22607EC5-A26D-4DE4-A6F9-24362F63CF04}.Ad-Hoc|x86.Deploy.0 = Release|x86
		{22607EC5-A26D-4DE4-A6F9-24362F63CF04}.AppStore|Any CPU.ActiveCfg = Release|Any CPU
		{22607EC5-A26D-4DE4-A6F9-24362F63CF04}.AppStore|Any CPU.Build.0 = Release|Any CPU
		{22607EC5-A26D-4DE4-A6F9-24362F63CF04}.AppStore|Any CPU.Deploy.0 = Release|Any CPU
		{22607EC5-A26D-4DE4-A6F9-24362F63CF04}.AppStore|ARM.ActiveCfg = Release|ARM
		{22607EC5-A26D-4DE4-A6F9-24362F63CF04}.AppStore|ARM.Build.0 = Release|ARM
		{22607EC5-A26D-4DE4-A6F9-24362F63CF04}.AppStore|ARM.Deploy.0 = Release|ARM
		{22607EC5-A26D-4DE4-A6F9-24362F63CF04}.AppStore|iPhone.ActiveCfg = Release|Any CPU
		{22607EC5-A26D-4DE4-A6F9-24362F63CF04}.AppStore|iPhone.Build.0 = Release|Any CPU
		{22607EC5-A26D-4DE4-A6F9-24362F63CF04}.AppStore|iPhone.Deploy.0 = Release|Any CPU
		{22607EC5-A26D-4DE4-A6F9-24362F63CF04}.AppStore|iPhoneSimulator.ActiveCfg = Release|Any CPU
		{22607EC5-A26D-4DE4-A6F9-24362F63CF04}.AppStore|iPhoneSimulator.Build.0 = Release|Any CPU
		{22607EC5-A26D-4DE4-A6F9-24362F63CF04}.AppStore|iPhoneSimulator.Deploy.0 = Release|Any CPU
		{22607EC5-A26D-4DE4-A6F9-24362F63CF04}.AppStore|x64.ActiveCfg = Release|Any CPU
		{22607EC5-A26D-4DE4-A6F9-24362F63CF04}.AppStore|x64.Build.0 = Release|Any CPU
		{22607EC5-A26D-4DE4-A6F9-24362F63CF04}.AppStore|x64.Deploy.0 = Release|Any CPU
		{22607EC5-A26D-4DE4-A6F9-24362F63CF04}.AppStore|x86.ActiveCfg = Release|x86
		{22607EC5-A26D-4DE4-A6F9-24362F63CF04}.AppStore|x86.Build.0 = Release|x86
		{22607EC5-A26D-4DE4-A6F9-24362F63CF04}.AppStore|x86.Deploy.0 = Release|x86
		{22607EC5-A26D-4DE4-A6F9-24362F63CF04}.Debug|Any CPU.ActiveCfg = Debug|ARM
		{22607EC5-A26D-4DE4-A6F9-24362F63CF04}.Debug|Any CPU.Build.0 = Debug|ARM
		{22607EC5-A26D-4DE4-A6F9-24362F63CF04}.Debug|Any CPU.Deploy.0 = Debug|ARM
		{22607EC5-A26D-4DE4-A6F9-24362F63CF04}.Debug|ARM.ActiveCfg = Debug|ARM
		{22607EC5-A26D-4DE4-A6F9-24362F63CF04}.Debug|ARM.Build.0 = Debug|ARM
		{22607EC5-A26D-4DE4-A6F9-24362F63CF04}.Debug|ARM.Deploy.0 = Debug|ARM
		{22607EC5-A26D-4DE4-A6F9-24362F63CF04}.Debug|iPhone.ActiveCfg = Debug|Any CPU
		{22607EC5-A26D-4DE4-A6F9-24362F63CF04}.Debug|iPhone.Build.0 = Debug|Any CPU
		{22607EC5-A26D-4DE4-A6F9-24362F63CF04}.Debug|iPhone.Deploy.0 = Debug|Any CPU
		{22607EC5-A26D-4DE4-A6F9-24362F63CF04}.Debug|iPhoneSimulator.ActiveCfg = Debug|Any CPU
		{22607EC5-A26D-4DE4-A6F9-24362F63CF04}.Debug|iPhoneSimulator.Build.0 = Debug|Any CPU
		{22607EC5-A26D-4DE4-A6F9-24362F63CF04}.Debug|iPhoneSimulator.Deploy.0 = Debug|Any CPU
		{22607EC5-A26D-4DE4-A6F9-24362F63CF04}.Debug|x64.ActiveCfg = Debug|Any CPU
		{22607EC5-A26D-4DE4-A6F9-24362F63CF04}.Debug|x64.Build.0 = Debug|Any CPU
		{22607EC5-A26D-4DE4-A6F9-24362F63CF04}.Debug|x64.Deploy.0 = Debug|Any CPU
		{22607EC5-A26D-4DE4-A6F9-24362F63CF04}.Debug|x86.ActiveCfg = Debug|x86
		{22607EC5-A26D-4DE4-A6F9-24362F63CF04}.Debug|x86.Build.0 = Debug|x86
		{22607EC5-A26D-4DE4-A6F9-24362F63CF04}.Debug|x86.Deploy.0 = Debug|x86
		{22607EC5-A26D-4DE4-A6F9-24362F63CF04}.Release|Any CPU.ActiveCfg = Release|Any CPU
		{22607EC5-A26D-4DE4-A6F9-24362F63CF04}.Release|Any CPU.Build.0 = Release|Any CPU
		{22607EC5-A26D-4DE4-A6F9-24362F63CF04}.Release|Any CPU.Deploy.0 = Release|Any CPU
		{22607EC5-A26D-4DE4-A6F9-24362F63CF04}.Release|ARM.ActiveCfg = Release|ARM
		{22607EC5-A26D-4DE4-A6F9-24362F63CF04}.Release|ARM.Build.0 = Release|ARM
		{22607EC5-A26D-4DE4-A6F9-24362F63CF04}.Release|ARM.Deploy.0 = Release|ARM
		{22607EC5-A26D-4DE4-A6F9-24362F63CF04}.Release|iPhone.ActiveCfg = Release|Any CPU
		{22607EC5-A26D-4DE4-A6F9-24362F63CF04}.Release|iPhone.Build.0 = Release|Any CPU
		{22607EC5-A26D-4DE4-A6F9-24362F63CF04}.Release|iPhone.Deploy.0 = Release|Any CPU
		{22607EC5-A26D-4DE4-A6F9-24362F63CF04}.Release|iPhoneSimulator.ActiveCfg = Release|Any CPU
		{22607EC5-A26D-4DE4-A6F9-24362F63CF04}.Release|iPhoneSimulator.Build.0 = Release|Any CPU
		{22607EC5-A26D-4DE4-A6F9-24362F63CF04}.Release|iPhoneSimulator.Deploy.0 = Release|Any CPU
		{22607EC5-A26D-4DE4-A6F9-24362F63CF04}.Release|x64.ActiveCfg = Release|Any CPU
		{22607EC5-A26D-4DE4-A6F9-24362F63CF04}.Release|x64.Build.0 = Release|Any CPU
		{22607EC5-A26D-4DE4-A6F9-24362F63CF04}.Release|x64.Deploy.0 = Release|Any CPU
		{22607EC5-A26D-4DE4-A6F9-24362F63CF04}.Release|x86.ActiveCfg = Release|x86
		{22607EC5-A26D-4DE4-A6F9-24362F63CF04}.Release|x86.Build.0 = Release|x86
		{22607EC5-A26D-4DE4-A6F9-24362F63CF04}.Release|x86.Deploy.0 = Release|x86
		{69F080F5-4995-48FC-A3E4-9ADFE2B61D17}.Ad-Hoc|Any CPU.ActiveCfg = Release|x86
		{69F080F5-4995-48FC-A3E4-9ADFE2B61D17}.Ad-Hoc|Any CPU.Build.0 = Release|x86
		{69F080F5-4995-48FC-A3E4-9ADFE2B61D17}.Ad-Hoc|Any CPU.Deploy.0 = Release|x86
		{69F080F5-4995-48FC-A3E4-9ADFE2B61D17}.Ad-Hoc|ARM.ActiveCfg = Release|ARM
		{69F080F5-4995-48FC-A3E4-9ADFE2B61D17}.Ad-Hoc|ARM.Build.0 = Release|ARM
		{69F080F5-4995-48FC-A3E4-9ADFE2B61D17}.Ad-Hoc|ARM.Deploy.0 = Release|ARM
		{69F080F5-4995-48FC-A3E4-9ADFE2B61D17}.Ad-Hoc|iPhone.ActiveCfg = Release|x86
		{69F080F5-4995-48FC-A3E4-9ADFE2B61D17}.Ad-Hoc|iPhone.Build.0 = Release|x86
		{69F080F5-4995-48FC-A3E4-9ADFE2B61D17}.Ad-Hoc|iPhone.Deploy.0 = Release|x86
		{69F080F5-4995-48FC-A3E4-9ADFE2B61D17}.Ad-Hoc|iPhoneSimulator.ActiveCfg = Release|x86
		{69F080F5-4995-48FC-A3E4-9ADFE2B61D17}.Ad-Hoc|iPhoneSimulator.Build.0 = Release|x86
		{69F080F5-4995-48FC-A3E4-9ADFE2B61D17}.Ad-Hoc|iPhoneSimulator.Deploy.0 = Release|x86
		{69F080F5-4995-48FC-A3E4-9ADFE2B61D17}.Ad-Hoc|x64.ActiveCfg = Release|x64
		{69F080F5-4995-48FC-A3E4-9ADFE2B61D17}.Ad-Hoc|x64.Build.0 = Release|x64
		{69F080F5-4995-48FC-A3E4-9ADFE2B61D17}.Ad-Hoc|x64.Deploy.0 = Release|x64
		{69F080F5-4995-48FC-A3E4-9ADFE2B61D17}.Ad-Hoc|x86.ActiveCfg = Release|x86
		{69F080F5-4995-48FC-A3E4-9ADFE2B61D17}.Ad-Hoc|x86.Build.0 = Release|x86
		{69F080F5-4995-48FC-A3E4-9ADFE2B61D17}.Ad-Hoc|x86.Deploy.0 = Release|x86
		{69F080F5-4995-48FC-A3E4-9ADFE2B61D17}.AppStore|Any CPU.ActiveCfg = Release|x86
		{69F080F5-4995-48FC-A3E4-9ADFE2B61D17}.AppStore|Any CPU.Build.0 = Release|x86
		{69F080F5-4995-48FC-A3E4-9ADFE2B61D17}.AppStore|Any CPU.Deploy.0 = Release|x86
		{69F080F5-4995-48FC-A3E4-9ADFE2B61D17}.AppStore|ARM.ActiveCfg = Release|ARM
		{69F080F5-4995-48FC-A3E4-9ADFE2B61D17}.AppStore|ARM.Build.0 = Release|ARM
		{69F080F5-4995-48FC-A3E4-9ADFE2B61D17}.AppStore|ARM.Deploy.0 = Release|ARM
		{69F080F5-4995-48FC-A3E4-9ADFE2B61D17}.AppStore|iPhone.ActiveCfg = Release|x86
		{69F080F5-4995-48FC-A3E4-9ADFE2B61D17}.AppStore|iPhone.Build.0 = Release|x86
		{69F080F5-4995-48FC-A3E4-9ADFE2B61D17}.AppStore|iPhone.Deploy.0 = Release|x86
		{69F080F5-4995-48FC-A3E4-9ADFE2B61D17}.AppStore|iPhoneSimulator.ActiveCfg = Release|x86
		{69F080F5-4995-48FC-A3E4-9ADFE2B61D17}.AppStore|iPhoneSimulator.Build.0 = Release|x86
		{69F080F5-4995-48FC-A3E4-9ADFE2B61D17}.AppStore|iPhoneSimulator.Deploy.0 = Release|x86
		{69F080F5-4995-48FC-A3E4-9ADFE2B61D17}.AppStore|x64.ActiveCfg = Release|x64
		{69F080F5-4995-48FC-A3E4-9ADFE2B61D17}.AppStore|x64.Build.0 = Release|x64
		{69F080F5-4995-48FC-A3E4-9ADFE2B61D17}.AppStore|x64.Deploy.0 = Release|x64
		{69F080F5-4995-48FC-A3E4-9ADFE2B61D17}.AppStore|x86.ActiveCfg = Release|x86
		{69F080F5-4995-48FC-A3E4-9ADFE2B61D17}.AppStore|x86.Build.0 = Release|x86
		{69F080F5-4995-48FC-A3E4-9ADFE2B61D17}.AppStore|x86.Deploy.0 = Release|x86
		{69F080F5-4995-48FC-A3E4-9ADFE2B61D17}.Debug|Any CPU.ActiveCfg = Debug|x86
		{69F080F5-4995-48FC-A3E4-9ADFE2B61D17}.Debug|Any CPU.Build.0 = Debug|x86
		{69F080F5-4995-48FC-A3E4-9ADFE2B61D17}.Debug|Any CPU.Deploy.0 = Debug|x86
		{69F080F5-4995-48FC-A3E4-9ADFE2B61D17}.Debug|ARM.ActiveCfg = Debug|ARM
		{69F080F5-4995-48FC-A3E4-9ADFE2B61D17}.Debug|ARM.Build.0 = Debug|ARM
		{69F080F5-4995-48FC-A3E4-9ADFE2B61D17}.Debug|ARM.Deploy.0 = Debug|ARM
		{69F080F5-4995-48FC-A3E4-9ADFE2B61D17}.Debug|iPhone.ActiveCfg = Debug|x86
		{69F080F5-4995-48FC-A3E4-9ADFE2B61D17}.Debug|iPhoneSimulator.ActiveCfg = Debug|x86
		{69F080F5-4995-48FC-A3E4-9ADFE2B61D17}.Debug|x64.ActiveCfg = Debug|x64
		{69F080F5-4995-48FC-A3E4-9ADFE2B61D17}.Debug|x64.Build.0 = Debug|x64
		{69F080F5-4995-48FC-A3E4-9ADFE2B61D17}.Debug|x64.Deploy.0 = Debug|x64
		{69F080F5-4995-48FC-A3E4-9ADFE2B61D17}.Debug|x86.ActiveCfg = Debug|x86
		{69F080F5-4995-48FC-A3E4-9ADFE2B61D17}.Debug|x86.Build.0 = Debug|x86
		{69F080F5-4995-48FC-A3E4-9ADFE2B61D17}.Debug|x86.Deploy.0 = Debug|x86
		{69F080F5-4995-48FC-A3E4-9ADFE2B61D17}.Release|Any CPU.ActiveCfg = Release|x86
		{69F080F5-4995-48FC-A3E4-9ADFE2B61D17}.Release|ARM.ActiveCfg = Release|ARM
		{69F080F5-4995-48FC-A3E4-9ADFE2B61D17}.Release|ARM.Build.0 = Release|ARM
		{69F080F5-4995-48FC-A3E4-9ADFE2B61D17}.Release|ARM.Deploy.0 = Release|ARM
		{69F080F5-4995-48FC-A3E4-9ADFE2B61D17}.Release|iPhone.ActiveCfg = Release|x86
		{69F080F5-4995-48FC-A3E4-9ADFE2B61D17}.Release|iPhoneSimulator.ActiveCfg = Release|x86
		{69F080F5-4995-48FC-A3E4-9ADFE2B61D17}.Release|x64.ActiveCfg = Release|x64
		{69F080F5-4995-48FC-A3E4-9ADFE2B61D17}.Release|x64.Build.0 = Release|x64
		{69F080F5-4995-48FC-A3E4-9ADFE2B61D17}.Release|x64.Deploy.0 = Release|x64
		{69F080F5-4995-48FC-A3E4-9ADFE2B61D17}.Release|x86.ActiveCfg = Release|x86
		{69F080F5-4995-48FC-A3E4-9ADFE2B61D17}.Release|x86.Build.0 = Release|x86
		{69F080F5-4995-48FC-A3E4-9ADFE2B61D17}.Release|x86.Deploy.0 = Release|x86
		{9FD345B5-0B0A-4303-813F-3AA3B16A046F}.Ad-Hoc|Any CPU.ActiveCfg = Release|Any CPU
		{9FD345B5-0B0A-4303-813F-3AA3B16A046F}.Ad-Hoc|Any CPU.Build.0 = Release|Any CPU
		{9FD345B5-0B0A-4303-813F-3AA3B16A046F}.Ad-Hoc|Any CPU.Deploy.0 = Release|Any CPU
		{9FD345B5-0B0A-4303-813F-3AA3B16A046F}.Ad-Hoc|ARM.ActiveCfg = Release|ARM
		{9FD345B5-0B0A-4303-813F-3AA3B16A046F}.Ad-Hoc|ARM.Build.0 = Release|ARM
		{9FD345B5-0B0A-4303-813F-3AA3B16A046F}.Ad-Hoc|ARM.Deploy.0 = Release|ARM
		{9FD345B5-0B0A-4303-813F-3AA3B16A046F}.Ad-Hoc|iPhone.ActiveCfg = Release|Any CPU
		{9FD345B5-0B0A-4303-813F-3AA3B16A046F}.Ad-Hoc|iPhone.Build.0 = Release|Any CPU
		{9FD345B5-0B0A-4303-813F-3AA3B16A046F}.Ad-Hoc|iPhone.Deploy.0 = Release|Any CPU
		{9FD345B5-0B0A-4303-813F-3AA3B16A046F}.Ad-Hoc|iPhoneSimulator.ActiveCfg = Release|Any CPU
		{9FD345B5-0B0A-4303-813F-3AA3B16A046F}.Ad-Hoc|iPhoneSimulator.Build.0 = Release|Any CPU
		{9FD345B5-0B0A-4303-813F-3AA3B16A046F}.Ad-Hoc|iPhoneSimulator.Deploy.0 = Release|Any CPU
		{9FD345B5-0B0A-4303-813F-3AA3B16A046F}.Ad-Hoc|x64.ActiveCfg = Release|x64
		{9FD345B5-0B0A-4303-813F-3AA3B16A046F}.Ad-Hoc|x64.Build.0 = Release|x64
		{9FD345B5-0B0A-4303-813F-3AA3B16A046F}.Ad-Hoc|x64.Deploy.0 = Release|x64
		{9FD345B5-0B0A-4303-813F-3AA3B16A046F}.Ad-Hoc|x86.ActiveCfg = Release|x86
		{9FD345B5-0B0A-4303-813F-3AA3B16A046F}.Ad-Hoc|x86.Build.0 = Release|x86
		{9FD345B5-0B0A-4303-813F-3AA3B16A046F}.Ad-Hoc|x86.Deploy.0 = Release|x86
		{9FD345B5-0B0A-4303-813F-3AA3B16A046F}.AppStore|Any CPU.ActiveCfg = Release|Any CPU
		{9FD345B5-0B0A-4303-813F-3AA3B16A046F}.AppStore|Any CPU.Build.0 = Release|Any CPU
		{9FD345B5-0B0A-4303-813F-3AA3B16A046F}.AppStore|Any CPU.Deploy.0 = Release|Any CPU
		{9FD345B5-0B0A-4303-813F-3AA3B16A046F}.AppStore|ARM.ActiveCfg = Release|ARM
		{9FD345B5-0B0A-4303-813F-3AA3B16A046F}.AppStore|ARM.Build.0 = Release|ARM
		{9FD345B5-0B0A-4303-813F-3AA3B16A046F}.AppStore|ARM.Deploy.0 = Release|ARM
		{9FD345B5-0B0A-4303-813F-3AA3B16A046F}.AppStore|iPhone.ActiveCfg = Release|Any CPU
		{9FD345B5-0B0A-4303-813F-3AA3B16A046F}.AppStore|iPhone.Build.0 = Release|Any CPU
		{9FD345B5-0B0A-4303-813F-3AA3B16A046F}.AppStore|iPhone.Deploy.0 = Release|Any CPU
		{9FD345B5-0B0A-4303-813F-3AA3B16A046F}.AppStore|iPhoneSimulator.ActiveCfg = Release|Any CPU
		{9FD345B5-0B0A-4303-813F-3AA3B16A046F}.AppStore|iPhoneSimulator.Build.0 = Release|Any CPU
		{9FD345B5-0B0A-4303-813F-3AA3B16A046F}.AppStore|iPhoneSimulator.Deploy.0 = Release|Any CPU
		{9FD345B5-0B0A-4303-813F-3AA3B16A046F}.AppStore|x64.ActiveCfg = Release|x64
		{9FD345B5-0B0A-4303-813F-3AA3B16A046F}.AppStore|x64.Build.0 = Release|x64
		{9FD345B5-0B0A-4303-813F-3AA3B16A046F}.AppStore|x64.Deploy.0 = Release|x64
		{9FD345B5-0B0A-4303-813F-3AA3B16A046F}.AppStore|x86.ActiveCfg = Release|x86
		{9FD345B5-0B0A-4303-813F-3AA3B16A046F}.AppStore|x86.Build.0 = Release|x86
		{9FD345B5-0B0A-4303-813F-3AA3B16A046F}.AppStore|x86.Deploy.0 = Release|x86
		{9FD345B5-0B0A-4303-813F-3AA3B16A046F}.Debug|Any CPU.ActiveCfg = Debug|Any CPU
		{9FD345B5-0B0A-4303-813F-3AA3B16A046F}.Debug|Any CPU.Build.0 = Debug|Any CPU
		{9FD345B5-0B0A-4303-813F-3AA3B16A046F}.Debug|Any CPU.Deploy.0 = Debug|Any CPU
		{9FD345B5-0B0A-4303-813F-3AA3B16A046F}.Debug|ARM.ActiveCfg = Debug|ARM
		{9FD345B5-0B0A-4303-813F-3AA3B16A046F}.Debug|ARM.Build.0 = Debug|ARM
		{9FD345B5-0B0A-4303-813F-3AA3B16A046F}.Debug|ARM.Deploy.0 = Debug|ARM
		{9FD345B5-0B0A-4303-813F-3AA3B16A046F}.Debug|iPhone.ActiveCfg = Debug|Any CPU
		{9FD345B5-0B0A-4303-813F-3AA3B16A046F}.Debug|iPhone.Build.0 = Debug|Any CPU
		{9FD345B5-0B0A-4303-813F-3AA3B16A046F}.Debug|iPhone.Deploy.0 = Debug|Any CPU
		{9FD345B5-0B0A-4303-813F-3AA3B16A046F}.Debug|iPhoneSimulator.ActiveCfg = Debug|Any CPU
		{9FD345B5-0B0A-4303-813F-3AA3B16A046F}.Debug|iPhoneSimulator.Build.0 = Debug|Any CPU
		{9FD345B5-0B0A-4303-813F-3AA3B16A046F}.Debug|iPhoneSimulator.Deploy.0 = Debug|Any CPU
		{9FD345B5-0B0A-4303-813F-3AA3B16A046F}.Debug|x64.ActiveCfg = Debug|x64
		{9FD345B5-0B0A-4303-813F-3AA3B16A046F}.Debug|x64.Build.0 = Debug|x64
		{9FD345B5-0B0A-4303-813F-3AA3B16A046F}.Debug|x64.Deploy.0 = Debug|x64
		{9FD345B5-0B0A-4303-813F-3AA3B16A046F}.Debug|x86.ActiveCfg = Debug|x86
		{9FD345B5-0B0A-4303-813F-3AA3B16A046F}.Debug|x86.Build.0 = Debug|x86
		{9FD345B5-0B0A-4303-813F-3AA3B16A046F}.Debug|x86.Deploy.0 = Debug|x86
		{9FD345B5-0B0A-4303-813F-3AA3B16A046F}.Release|Any CPU.ActiveCfg = Release|Any CPU
		{9FD345B5-0B0A-4303-813F-3AA3B16A046F}.Release|Any CPU.Build.0 = Release|Any CPU
		{9FD345B5-0B0A-4303-813F-3AA3B16A046F}.Release|Any CPU.Deploy.0 = Release|Any CPU
		{9FD345B5-0B0A-4303-813F-3AA3B16A046F}.Release|ARM.ActiveCfg = Release|ARM
		{9FD345B5-0B0A-4303-813F-3AA3B16A046F}.Release|ARM.Build.0 = Release|ARM
		{9FD345B5-0B0A-4303-813F-3AA3B16A046F}.Release|ARM.Deploy.0 = Release|ARM
		{9FD345B5-0B0A-4303-813F-3AA3B16A046F}.Release|iPhone.ActiveCfg = Release|Any CPU
		{9FD345B5-0B0A-4303-813F-3AA3B16A046F}.Release|iPhone.Build.0 = Release|Any CPU
		{9FD345B5-0B0A-4303-813F-3AA3B16A046F}.Release|iPhone.Deploy.0 = Release|Any CPU
		{9FD345B5-0B0A-4303-813F-3AA3B16A046F}.Release|iPhoneSimulator.ActiveCfg = Release|Any CPU
		{9FD345B5-0B0A-4303-813F-3AA3B16A046F}.Release|iPhoneSimulator.Build.0 = Release|Any CPU
		{9FD345B5-0B0A-4303-813F-3AA3B16A046F}.Release|iPhoneSimulator.Deploy.0 = Release|Any CPU
		{9FD345B5-0B0A-4303-813F-3AA3B16A046F}.Release|x64.ActiveCfg = Release|x64
		{9FD345B5-0B0A-4303-813F-3AA3B16A046F}.Release|x64.Build.0 = Release|x64
		{9FD345B5-0B0A-4303-813F-3AA3B16A046F}.Release|x64.Deploy.0 = Release|x64
		{9FD345B5-0B0A-4303-813F-3AA3B16A046F}.Release|x86.ActiveCfg = Release|x86
		{9FD345B5-0B0A-4303-813F-3AA3B16A046F}.Release|x86.Build.0 = Release|x86
		{9FD345B5-0B0A-4303-813F-3AA3B16A046F}.Release|x86.Deploy.0 = Release|x86
	EndGlobalSection
	GlobalSection(SolutionProperties) = preSolution
		HideSolutionNode = FALSE
	EndGlobalSection
EndGlobal
